
Microsoft Visual Studio Solution File, Format Version 12.00
# Visual Studio Version 16
VisualStudioVersion = 16.0.31410.357
MinimumVisualStudioVersion = 10.0.40219.1
Project("{FAE04EC0-301F-11D3-BF4B-00C04F79EFBC}") = "GroupT", "GroupT\GroupT.csproj", "{F2ABC188-9BC9-44EB-85A0-283F82DB423B}"
EndProject
Global
	GlobalSection(SolutionConfigurationPlatforms) = preSolution
		Debug|Any CPU = Debug|Any CPU
		Release|Any CPU = Release|Any CPU
	EndGlobalSection
	GlobalSection(ProjectConfigurationPlatforms) = postSolution
		{F2ABC188-9BC9-44EB-85A0-283F82DB423B}.Debug|Any CPU.ActiveCfg = Debug|Any CPU
		{F2ABC188-9BC9-44EB-85A0-283F82DB423B}.Debug|Any CPU.Build.0 = Debug|Any CPU
		{F2ABC188-9BC9-44EB-85A0-283F82DB423B}.Release|Any CPU.ActiveCfg = Release|Any CPU
		{F2ABC188-9BC9-44EB-85A0-283F82DB423B}.Release|Any CPU.Build.0 = Release|Any CPU
	EndGlobalSection
	GlobalSection(SolutionProperties) = preSolution
		HideSolutionNode = FALSE
	EndGlobalSection
	GlobalSection(ExtensibilityGlobals) = postSolution
		SolutionGuid = {5F3FCED9-CC6B-4570-AC93-A0195A0DA2F2}
	EndGlobalSection
EndGlobal
